// !$*UTF8*$!
{
	archiveVersion = 1;
	classes = {
	};
	objectVersion = 55;
	objects = {

/* Begin PBXBuildFile section */
		65C86C5E47D8F5ECC67016E7 /* Pods_SmartFarming.framework in Frameworks */ = {isa = PBXBuildFile; fileRef = B39921B1AC83543EFF098EC4 /* Pods_SmartFarming.framework */; };
		B057105B285A162600B555C0 /* GoogleService-Info.plist in Resources */ = {isa = PBXBuildFile; fileRef = B057105A285A162600B555C0 /* GoogleService-Info.plist */; };
		B057105D285A273200B555C0 /* ListVC.swift in Sources */ = {isa = PBXBuildFile; fileRef = B057105C285A273200B555C0 /* ListVC.swift */; };
		B0571060285A362200B555C0 /* ServiceResponseType.swift in Sources */ = {isa = PBXBuildFile; fileRef = B057105F285A362200B555C0 /* ServiceResponseType.swift */; };
		B0571062285A404F00B555C0 /* farmer.json in Resources */ = {isa = PBXBuildFile; fileRef = B0571061285A404F00B555C0 /* farmer.json */; };
		B0571064285A4C3800B555C0 /* FarmInfoVC.swift in Sources */ = {isa = PBXBuildFile; fileRef = B0571063285A4C3800B555C0 /* FarmInfoVC.swift */; };
		B06643E7285B9996004B643F /* FarmGlobal.swift in Sources */ = {isa = PBXBuildFile; fileRef = B06643E6285B9996004B643F /* FarmGlobal.swift */; };
		B06643EB285BAA49004B643F /* FarmTableViewCell.swift in Sources */ = {isa = PBXBuildFile; fileRef = B06643E9285BAA49004B643F /* FarmTableViewCell.swift */; };
		B07BF32F290C8C1000EC2F00 /* SignUpVC.swift in Sources */ = {isa = PBXBuildFile; fileRef = B07BF32E290C8C1000EC2F00 /* SignUpVC.swift */; };
		B09D432E290CAE4100936D71 /* Assets.xcassets in Resources */ = {isa = PBXBuildFile; fileRef = B09D432D290CAE4000936D71 /* Assets.xcassets */; };
		B0A8BB4528586FAC0066E4E3 /* AppDelegate.swift in Sources */ = {isa = PBXBuildFile; fileRef = B0A8BB4428586FAC0066E4E3 /* AppDelegate.swift */; };
		B0A8BB4728586FAC0066E4E3 /* SceneDelegate.swift in Sources */ = {isa = PBXBuildFile; fileRef = B0A8BB4628586FAC0066E4E3 /* SceneDelegate.swift */; };
		B0A8BB4928586FAC0066E4E3 /* ViewController.swift in Sources */ = {isa = PBXBuildFile; fileRef = B0A8BB4828586FAC0066E4E3 /* ViewController.swift */; };
		B0A8BB4C28586FAC0066E4E3 /* Main.storyboard in Resources */ = {isa = PBXBuildFile; fileRef = B0A8BB4A28586FAC0066E4E3 /* Main.storyboard */; };
		B0A8BB5128586FAD0066E4E3 /* LaunchScreen.storyboard in Resources */ = {isa = PBXBuildFile; fileRef = B0A8BB4F28586FAD0066E4E3 /* LaunchScreen.storyboard */; };
		B0B1239E29096A6900722A40 /* UIButton+.swift in Sources */ = {isa = PBXBuildFile; fileRef = B0B1239D29096A6900722A40 /* UIButton+.swift */; };
		B0B7C5C72868F99F006F8384 /* MapDetailsViewController.swift in Sources */ = {isa = PBXBuildFile; fileRef = B0B7C5C62868F99F006F8384 /* MapDetailsViewController.swift */; };
		B0CF221D285CC55400D31918 /* DetailsVC.swift in Sources */ = {isa = PBXBuildFile; fileRef = B0CF221C285CC55400D31918 /* DetailsVC.swift */; };
/* End PBXBuildFile section */

/* Begin PBXFileReference section */
		7E01CF1676D2BBCA05D77B91 /* Pods-SmartFarming.debug.xcconfig */ = {isa = PBXFileReference; includeInIndex = 1; lastKnownFileType = text.xcconfig; name = "Pods-SmartFarming.debug.xcconfig"; path = "Target Support Files/Pods-SmartFarming/Pods-SmartFarming.debug.xcconfig"; sourceTree = "<group>"; };
		90FD58EA980FFB492368A142 /* Pods-SmartFarming.release.xcconfig */ = {isa = PBXFileReference; includeInIndex = 1; lastKnownFileType = text.xcconfig; name = "Pods-SmartFarming.release.xcconfig"; path = "Target Support Files/Pods-SmartFarming/Pods-SmartFarming.release.xcconfig"; sourceTree = "<group>"; };
		B057105A285A162600B555C0 /* GoogleService-Info.plist */ = {isa = PBXFileReference; fileEncoding = 4; lastKnownFileType = text.plist.xml; path = "GoogleService-Info.plist"; sourceTree = "<group>"; };
		B057105C285A273200B555C0 /* ListVC.swift */ = {isa = PBXFileReference; lastKnownFileType = sourcecode.swift; path = ListVC.swift; sourceTree = "<group>"; };
		B057105F285A362200B555C0 /* ServiceResponseType.swift */ = {isa = PBXFileReference; lastKnownFileType = sourcecode.swift; path = ServiceResponseType.swift; sourceTree = "<group>"; };
		B0571061285A404F00B555C0 /* farmer.json */ = {isa = PBXFileReference; fileEncoding = 4; lastKnownFileType = text.json; path = farmer.json; sourceTree = "<group>"; };
		B0571063285A4C3800B555C0 /* FarmInfoVC.swift */ = {isa = PBXFileReference; lastKnownFileType = sourcecode.swift; path = FarmInfoVC.swift; sourceTree = "<group>"; };
		B06643E6285B9996004B643F /* FarmGlobal.swift */ = {isa = PBXFileReference; lastKnownFileType = sourcecode.swift; path = FarmGlobal.swift; sourceTree = "<group>"; };
		B06643E9285BAA49004B643F /* FarmTableViewCell.swift */ = {isa = PBXFileReference; lastKnownFileType = sourcecode.swift; path = FarmTableViewCell.swift; sourceTree = "<group>"; };
		B07BF32E290C8C1000EC2F00 /* SignUpVC.swift */ = {isa = PBXFileReference; lastKnownFileType = sourcecode.swift; path = SignUpVC.swift; sourceTree = "<group>"; };
		B09D432D290CAE4000936D71 /* Assets.xcassets */ = {isa = PBXFileReference; lastKnownFileType = folder.assetcatalog; path = Assets.xcassets; sourceTree = "<group>"; };
		B0A8BB4128586FAC0066E4E3 /* SmartFarming.app */ = {isa = PBXFileReference; explicitFileType = wrapper.application; includeInIndex = 0; path = SmartFarming.app; sourceTree = BUILT_PRODUCTS_DIR; };
		B0A8BB4428586FAC0066E4E3 /* AppDelegate.swift */ = {isa = PBXFileReference; lastKnownFileType = sourcecode.swift; path = AppDelegate.swift; sourceTree = "<group>"; };
		B0A8BB4628586FAC0066E4E3 /* SceneDelegate.swift */ = {isa = PBXFileReference; lastKnownFileType = sourcecode.swift; path = SceneDelegate.swift; sourceTree = "<group>"; };
		B0A8BB4828586FAC0066E4E3 /* ViewController.swift */ = {isa = PBXFileReference; lastKnownFileType = sourcecode.swift; path = ViewController.swift; sourceTree = "<group>"; };
		B0A8BB4B28586FAC0066E4E3 /* Base */ = {isa = PBXFileReference; lastKnownFileType = file.storyboard; name = Base; path = Base.lproj/Main.storyboard; sourceTree = "<group>"; };
		B0A8BB5028586FAD0066E4E3 /* Base */ = {isa = PBXFileReference; lastKnownFileType = file.storyboard; name = Base; path = Base.lproj/LaunchScreen.storyboard; sourceTree = "<group>"; };
		B0A8BB5228586FAD0066E4E3 /* Info.plist */ = {isa = PBXFileReference; lastKnownFileType = text.plist.xml; path = Info.plist; sourceTree = "<group>"; };
		B0B1239D29096A6900722A40 /* UIButton+.swift */ = {isa = PBXFileReference; lastKnownFileType = sourcecode.swift; path = "UIButton+.swift"; sourceTree = "<group>"; };
		B0B7C5C62868F99F006F8384 /* MapDetailsViewController.swift */ = {isa = PBXFileReference; lastKnownFileType = sourcecode.swift; path = MapDetailsViewController.swift; sourceTree = "<group>"; };
		B0CF221C285CC55400D31918 /* DetailsVC.swift */ = {isa = PBXFileReference; lastKnownFileType = sourcecode.swift; path = DetailsVC.swift; sourceTree = "<group>"; };
		B39921B1AC83543EFF098EC4 /* Pods_SmartFarming.framework */ = {isa = PBXFileReference; explicitFileType = wrapper.framework; includeInIndex = 0; path = Pods_SmartFarming.framework; sourceTree = BUILT_PRODUCTS_DIR; };
/* End PBXFileReference section */

/* Begin PBXFrameworksBuildPhase section */
		B0A8BB3E28586FAC0066E4E3 /* Frameworks */ = {
			isa = PBXFrameworksBuildPhase;
			buildActionMask = 2147483647;
			files = (
				65C86C5E47D8F5ECC67016E7 /* Pods_SmartFarming.framework in Frameworks */,
			);
			runOnlyForDeploymentPostprocessing = 0;
		};
/* End PBXFrameworksBuildPhase section */

/* Begin PBXGroup section */
		8DE72662257624F668CC8C58 /* Pods */ = {
			isa = PBXGroup;
			children = (
				7E01CF1676D2BBCA05D77B91 /* Pods-SmartFarming.debug.xcconfig */,
				90FD58EA980FFB492368A142 /* Pods-SmartFarming.release.xcconfig */,
			);
			path = Pods;
			sourceTree = "<group>";
		};
		B057105E285A35FB00B555C0 /* Helpers */ = {
			isa = PBXGroup;
			children = (
				B057105F285A362200B555C0 /* ServiceResponseType.swift */,
				B0B1239D29096A6900722A40 /* UIButton+.swift */,
			);
			path = Helpers;
			sourceTree = "<group>";
		};
		B0A8BB3828586FAC0066E4E3 = {
			isa = PBXGroup;
			children = (
				B0A8BB4328586FAC0066E4E3 /* SmartFarming */,
				B0A8BB4228586FAC0066E4E3 /* Products */,
				8DE72662257624F668CC8C58 /* Pods */,
				D364A30FF557F0E7C1AFFFEC /* Frameworks */,
			);
			sourceTree = "<group>";
		};
		B0A8BB4228586FAC0066E4E3 /* Products */ = {
			isa = PBXGroup;
			children = (
				B0A8BB4128586FAC0066E4E3 /* SmartFarming.app */,
			);
			name = Products;
			sourceTree = "<group>";
		};
		B0A8BB4328586FAC0066E4E3 /* SmartFarming */ = {
			isa = PBXGroup;
			children = (
				B057105E285A35FB00B555C0 /* Helpers */,
				B0A8BB4428586FAC0066E4E3 /* AppDelegate.swift */,
				B0A8BB4828586FAC0066E4E3 /* ViewController.swift */,
				B0A8BB4628586FAC0066E4E3 /* SceneDelegate.swift */,
				B0A8BB4A28586FAC0066E4E3 /* Main.storyboard */,
				B09D432D290CAE4000936D71 /* Assets.xcassets */,
				B0A8BB4F28586FAD0066E4E3 /* LaunchScreen.storyboard */,
				B0A8BB5228586FAD0066E4E3 /* Info.plist */,
				B057105A285A162600B555C0 /* GoogleService-Info.plist */,
				B057105C285A273200B555C0 /* ListVC.swift */,
				B0571063285A4C3800B555C0 /* FarmInfoVC.swift */,
				B0571061285A404F00B555C0 /* farmer.json */,
				B06643E6285B9996004B643F /* FarmGlobal.swift */,
				B06643E9285BAA49004B643F /* FarmTableViewCell.swift */,
				B0CF221C285CC55400D31918 /* DetailsVC.swift */,
				B0B7C5C62868F99F006F8384 /* MapDetailsViewController.swift */,
				B07BF32E290C8C1000EC2F00 /* SignUpVC.swift */,
			);
			path = SmartFarming;
			sourceTree = "<group>";
		};
		D364A30FF557F0E7C1AFFFEC /* Frameworks */ = {
			isa = PBXGroup;
			children = (
				B39921B1AC83543EFF098EC4 /* Pods_SmartFarming.framework */,
			);
			name = Frameworks;
			sourceTree = "<group>";
		};
/* End PBXGroup section */

/* Begin PBXNativeTarget section */
		B0A8BB4028586FAC0066E4E3 /* SmartFarming */ = {
			isa = PBXNativeTarget;
			buildConfigurationList = B0A8BB5528586FAD0066E4E3 /* Build configuration list for PBXNativeTarget "SmartFarming" */;
			buildPhases = (
				745E7CA9CD8271048D8356CF /* [CP] Check Pods Manifest.lock */,
				B0A8BB3D28586FAC0066E4E3 /* Sources */,
				B0A8BB3E28586FAC0066E4E3 /* Frameworks */,
				B0A8BB3F28586FAC0066E4E3 /* Resources */,
				E8024D26E1A439809DC7AF69 /* [CP] Embed Pods Frameworks */,
			);
			buildRules = (
			);
			dependencies = (
			);
			name = SmartFarming;
			productName = SmartFarming;
			productReference = B0A8BB4128586FAC0066E4E3 /* SmartFarming.app */;
			productType = "com.apple.product-type.application";
		};
/* End PBXNativeTarget section */

/* Begin PBXProject section */
		B0A8BB3928586FAC0066E4E3 /* Project object */ = {
			isa = PBXProject;
			attributes = {
				BuildIndependentTargetsInParallel = 1;
				LastSwiftUpdateCheck = 1340;
				LastUpgradeCheck = 1340;
				TargetAttributes = {
					B0A8BB4028586FAC0066E4E3 = {
						CreatedOnToolsVersion = 13.4;
					};
				};
			};
			buildConfigurationList = B0A8BB3C28586FAC0066E4E3 /* Build configuration list for PBXProject "SmartFarming" */;
			compatibilityVersion = "Xcode 13.0";
			developmentRegion = en;
			hasScannedForEncodings = 0;
			knownRegions = (
				en,
				Base,
			);
			mainGroup = B0A8BB3828586FAC0066E4E3;
			productRefGroup = B0A8BB4228586FAC0066E4E3 /* Products */;
			projectDirPath = "";
			projectRoot = "";
			targets = (
				B0A8BB4028586FAC0066E4E3 /* SmartFarming */,
			);
		};
/* End PBXProject section */

/* Begin PBXResourcesBuildPhase section */
		B0A8BB3F28586FAC0066E4E3 /* Resources */ = {
			isa = PBXResourcesBuildPhase;
			buildActionMask = 2147483647;
			files = (
				B0A8BB5128586FAD0066E4E3 /* LaunchScreen.storyboard in Resources */,
				B057105B285A162600B555C0 /* GoogleService-Info.plist in Resources */,
				B0A8BB4C28586FAC0066E4E3 /* Main.storyboard in Resources */,
				B0571062285A404F00B555C0 /* farmer.json in Resources */,
				B09D432E290CAE4100936D71 /* Assets.xcassets in Resources */,
			);
			runOnlyForDeploymentPostprocessing = 0;
		};
/* End PBXResourcesBuildPhase section */

/* Begin PBXShellScriptBuildPhase section */
		745E7CA9CD8271048D8356CF /* [CP] Check Pods Manifest.lock */ = {
			isa = PBXShellScriptBuildPhase;
			buildActionMask = 2147483647;
			files = (
			);
			inputFileListPaths = (
			);
			inputPaths = (
				"${PODS_PODFILE_DIR_PATH}/Podfile.lock",
				"${PODS_ROOT}/Manifest.lock",
			);
			name = "[CP] Check Pods Manifest.lock";
			outputFileListPaths = (
			);
			outputPaths = (
				"$(DERIVED_FILE_DIR)/Pods-SmartFarming-checkManifestLockResult.txt",
			);
			runOnlyForDeploymentPostprocessing = 0;
			shellPath = /bin/sh;
			shellScript = "diff \"${PODS_PODFILE_DIR_PATH}/Podfile.lock\" \"${PODS_ROOT}/Manifest.lock\" > /dev/null\nif [ $? != 0 ] ; then\n    # print error to STDERR\n    echo \"error: The sandbox is not in sync with the Podfile.lock. Run 'pod install' or update your CocoaPods installation.\" >&2\n    exit 1\nfi\n# This output is used by Xcode 'outputs' to avoid re-running this script phase.\necho \"SUCCESS\" > \"${SCRIPT_OUTPUT_FILE_0}\"\n";
			showEnvVarsInLog = 0;
		};
		E8024D26E1A439809DC7AF69 /* [CP] Embed Pods Frameworks */ = {
			isa = PBXShellScriptBuildPhase;
			buildActionMask = 2147483647;
			files = (
			);
			inputFileListPaths = (
				"${PODS_ROOT}/Target Support Files/Pods-SmartFarming/Pods-SmartFarming-frameworks-${CONFIGURATION}-input-files.xcfilelist",
			);
			name = "[CP] Embed Pods Frameworks";
			outputFileListPaths = (
				"${PODS_ROOT}/Target Support Files/Pods-SmartFarming/Pods-SmartFarming-frameworks-${CONFIGURATION}-output-files.xcfilelist",
			);
			runOnlyForDeploymentPostprocessing = 0;
			shellPath = /bin/sh;
			shellScript = "\"${PODS_ROOT}/Target Support Files/Pods-SmartFarming/Pods-SmartFarming-frameworks.sh\"\n";
			showEnvVarsInLog = 0;
		};
/* End PBXShellScriptBuildPhase section */

/* Begin PBXSourcesBuildPhase section */
		B0A8BB3D28586FAC0066E4E3 /* Sources */ = {
			isa = PBXSourcesBuildPhase;
			buildActionMask = 2147483647;
			files = (
				B057105D285A273200B555C0 /* ListVC.swift in Sources */,
				B0A8BB4928586FAC0066E4E3 /* ViewController.swift in Sources */,
				B06643E7285B9996004B643F /* FarmGlobal.swift in Sources */,
				B06643EB285BAA49004B643F /* FarmTableViewCell.swift in Sources */,
				B07BF32F290C8C1000EC2F00 /* SignUpVC.swift in Sources */,
				B0CF221D285CC55400D31918 /* DetailsVC.swift in Sources */,
				B0A8BB4528586FAC0066E4E3 /* AppDelegate.swift in Sources */,
				B0571060285A362200B555C0 /* ServiceResponseType.swift in Sources */,
				B0B1239E29096A6900722A40 /* UIButton+.swift in Sources */,
				B0571064285A4C3800B555C0 /* FarmInfoVC.swift in Sources */,
				B0A8BB4728586FAC0066E4E3 /* SceneDelegate.swift in Sources */,
				B0B7C5C72868F99F006F8384 /* MapDetailsViewController.swift in Sources */,
			);
			runOnlyForDeploymentPostprocessing = 0;
		};
/* End PBXSourcesBuildPhase section */

/* Begin PBXVariantGroup section */
		B0A8BB4A28586FAC0066E4E3 /* Main.storyboard */ = {
			isa = PBXVariantGroup;
			children = (
				B0A8BB4B28586FAC0066E4E3 /* Base */,
			);
			name = Main.storyboard;
			sourceTree = "<group>";
		};
		B0A8BB4F28586FAD0066E4E3 /* LaunchScreen.storyboard */ = {
			isa = PBXVariantGroup;
			children = (
				B0A8BB5028586FAD0066E4E3 /* Base */,
			);
			name = LaunchScreen.storyboard;
			sourceTree = "<group>";
		};
/* End PBXVariantGroup section */

/* Begin XCBuildConfiguration section */
		B0A8BB5328586FAD0066E4E3 /* Debug */ = {
			isa = XCBuildConfiguration;
			buildSettings = {
				ALWAYS_SEARCH_USER_PATHS = NO;
				CLANG_ANALYZER_NONNULL = YES;
				CLANG_ANALYZER_NUMBER_OBJECT_CONVERSION = YES_AGGRESSIVE;
				CLANG_CXX_LANGUAGE_STANDARD = "gnu++17";
				CLANG_ENABLE_MODULES = YES;
				CLANG_ENABLE_OBJC_ARC = YES;
				CLANG_ENABLE_OBJC_WEAK = YES;
				CLANG_WARN_BLOCK_CAPTURE_AUTORELEASING = YES;
				CLANG_WARN_BOOL_CONVERSION = YES;
				CLANG_WARN_COMMA = YES;
				CLANG_WARN_CONSTANT_CONVERSION = YES;
				CLANG_WARN_DEPRECATED_OBJC_IMPLEMENTATIONS = YES;
				CLANG_WARN_DIRECT_OBJC_ISA_USAGE = YES_ERROR;
				CLANG_WARN_DOCUMENTATION_COMMENTS = YES;
				CLANG_WARN_EMPTY_BODY = YES;
				CLANG_WARN_ENUM_CONVERSION = YES;
				CLANG_WARN_INFINITE_RECURSION = YES;
				CLANG_WARN_INT_CONVERSION = YES;
				CLANG_WARN_NON_LITERAL_NULL_CONVERSION = YES;
				CLANG_WARN_OBJC_IMPLICIT_RETAIN_SELF = YES;
				CLANG_WARN_OBJC_LITERAL_CONVERSION = YES;
				CLANG_WARN_OBJC_ROOT_CLASS = YES_ERROR;
				CLANG_WARN_QUOTED_INCLUDE_IN_FRAMEWORK_HEADER = YES;
				CLANG_WARN_RANGE_LOOP_ANALYSIS = YES;
				CLANG_WARN_STRICT_PROTOTYPES = YES;
				CLANG_WARN_SUSPICIOUS_MOVE = YES;
				CLANG_WARN_UNGUARDED_AVAILABILITY = YES_AGGRESSIVE;
				CLANG_WARN_UNREACHABLE_CODE = YES;
				CLANG_WARN__DUPLICATE_METHOD_MATCH = YES;
				COPY_PHASE_STRIP = NO;
				DEBUG_INFORMATION_FORMAT = dwarf;
				ENABLE_STRICT_OBJC_MSGSEND = YES;
				ENABLE_TESTABILITY = YES;
				GCC_C_LANGUAGE_STANDARD = gnu11;
				GCC_DYNAMIC_NO_PIC = NO;
				GCC_NO_COMMON_BLOCKS = YES;
				GCC_OPTIMIZATION_LEVEL = 0;
				GCC_PREPROCESSOR_DEFINITIONS = (
					"DEBUG=1",
					"$(inherited)",
				);
				GCC_WARN_64_TO_32_BIT_CONVERSION = YES;
				GCC_WARN_ABOUT_RETURN_TYPE = YES_ERROR;
				GCC_WARN_UNDECLARED_SELECTOR = YES;
				GCC_WARN_UNINITIALIZED_AUTOS = YES_AGGRESSIVE;
				GCC_WARN_UNUSED_FUNCTION = YES;
				GCC_WARN_UNUSED_VARIABLE = YES;
				IPHONEOS_DEPLOYMENT_TARGET = 15.5;
				MTL_ENABLE_DEBUG_INFO = INCLUDE_SOURCE;
				MTL_FAST_MATH = YES;
				ONLY_ACTIVE_ARCH = YES;
				SDKROOT = iphoneos;
				SWIFT_ACTIVE_COMPILATION_CONDITIONS = DEBUG;
				SWIFT_OPTIMIZATION_LEVEL = "-Onone";
			};
			name = Debug;
		};
		B0A8BB5428586FAD0066E4E3 /* Release */ = {
			isa = XCBuildConfiguration;
			buildSettings = {
				ALWAYS_SEARCH_USER_PATHS = NO;
				CLANG_ANALYZER_NONNULL = YES;
				CLANG_ANALYZER_NUMBER_OBJECT_CONVERSION = YES_AGGRESSIVE;
				CLANG_CXX_LANGUAGE_STANDARD = "gnu++17";
				CLANG_ENABLE_MODULES = YES;
				CLANG_ENABLE_OBJC_ARC = YES;
				CLANG_ENABLE_OBJC_WEAK = YES;
				CLANG_WARN_BLOCK_CAPTURE_AUTORELEASING = YES;
				CLANG_WARN_BOOL_CONVERSION = YES;
				CLANG_WARN_COMMA = YES;
				CLANG_WARN_CONSTANT_CONVERSION = YES;
				CLANG_WARN_DEPRECATED_OBJC_IMPLEMENTATIONS = YES;
				CLANG_WARN_DIRECT_OBJC_ISA_USAGE = YES_ERROR;
				CLANG_WARN_DOCUMENTATION_COMMENTS = YES;
				CLANG_WARN_EMPTY_BODY = YES;
				CLANG_WARN_ENUM_CONVERSION = YES;
				CLANG_WARN_INFINITE_RECURSION = YES;
				CLANG_WARN_INT_CONVERSION = YES;
				CLANG_WARN_NON_LITERAL_NULL_CONVERSION = YES;
				CLANG_WARN_OBJC_IMPLICIT_RETAIN_SELF = YES;
				CLANG_WARN_OBJC_LITERAL_CONVERSION = YES;
				CLANG_WARN_OBJC_ROOT_CLASS = YES_ERROR;
				CLANG_WARN_QUOTED_INCLUDE_IN_FRAMEWORK_HEADER = YES;
				CLANG_WARN_RANGE_LOOP_ANALYSIS = YES;
				CLANG_WARN_STRICT_PROTOTYPES = YES;
				CLANG_WARN_SUSPICIOUS_MOVE = YES;
				CLANG_WARN_UNGUARDED_AVAILABILITY = YES_AGGRESSIVE;
				CLANG_WARN_UNREACHABLE_CODE = YES;
				CLANG_WARN__DUPLICATE_METHOD_MATCH = YES;
				COPY_PHASE_STRIP = NO;
				DEBUG_INFORMATION_FORMAT = "dwarf-with-dsym";
				ENABLE_NS_ASSERTIONS = NO;
				ENABLE_STRICT_OBJC_MSGSEND = YES;
				GCC_C_LANGUAGE_STANDARD = gnu11;
				GCC_NO_COMMON_BLOCKS = YES;
				GCC_WARN_64_TO_32_BIT_CONVERSION = YES;
				GCC_WARN_ABOUT_RETURN_TYPE = YES_ERROR;
				GCC_WARN_UNDECLARED_SELECTOR = YES;
				GCC_WARN_UNINITIALIZED_AUTOS = YES_AGGRESSIVE;
				GCC_WARN_UNUSED_FUNCTION = YES;
				GCC_WARN_UNUSED_VARIABLE = YES;
				IPHONEOS_DEPLOYMENT_TARGET = 15.5;
				MTL_ENABLE_DEBUG_INFO = NO;
				MTL_FAST_MATH = YES;
				SDKROOT = iphoneos;
				SWIFT_COMPILATION_MODE = wholemodule;
				SWIFT_OPTIMIZATION_LEVEL = "-O";
				VALIDATE_PRODUCT = YES;
			};
			name = Release;
		};
		B0A8BB5628586FAD0066E4E3 /* Debug */ = {
			isa = XCBuildConfiguration;
			baseConfigurationReference = 7E01CF1676D2BBCA05D77B91 /* Pods-SmartFarming.debug.xcconfig */;
			buildSettings = {
				ASSETCATALOG_COMPILER_APPICON_NAME = AppIcon;
				ASSETCATALOG_COMPILER_GLOBAL_ACCENT_COLOR_NAME = AccentColor;
				CODE_SIGN_STYLE = Automatic;
				CURRENT_PROJECT_VERSION = 1;
				DEVELOPMENT_TEAM = P5N66NC5M2;
				GENERATE_INFOPLIST_FILE = YES;
				INFOPLIST_FILE = SmartFarming/Info.plist;
				INFOPLIST_KEY_UIApplicationSupportsIndirectInputEvents = YES;
				INFOPLIST_KEY_UILaunchStoryboardName = LaunchScreen;
				INFOPLIST_KEY_UIMainStoryboardFile = Main;
				INFOPLIST_KEY_UISupportedInterfaceOrientations_iPad = "UIInterfaceOrientationPortrait UIInterfaceOrientationPortraitUpsideDown UIInterfaceOrientationLandscapeLeft UIInterfaceOrientationLandscapeRight";
				INFOPLIST_KEY_UISupportedInterfaceOrientations_iPhone = "UIInterfaceOrientationPortrait UIInterfaceOrientationLandscapeLeft UIInterfaceOrientationLandscapeRight";
				IPHONEOS_DEPLOYMENT_TARGET = 15.0;
				LD_RUNPATH_SEARCH_PATHS = (
					"$(inherited)",
					"@executable_path/Frameworks",
				);
				MARKETING_VERSION = 1.0;
				PRODUCT_BUNDLE_IDENTIFIER = com.erenbagci.SmartFarming;
				PRODUCT_NAME = "$(TARGET_NAME)";
				SWIFT_EMIT_LOC_STRINGS = YES;
				SWIFT_VERSION = 5.0;
				TARGETED_DEVICE_FAMILY = "1,2";
			};
			name = Debug;
		};
		B0A8BB5728586FAD0066E4E3 /* Release */ = {
			isa = XCBuildConfiguration;
			baseConfigurationReference = 90FD58EA980FFB492368A142 /* Pods-SmartFarming.release.xcconfig */;
			buildSettings = {
				ASSETCATALOG_COMPILER_APPICON_NAME = AppIcon;
				ASSETCATALOG_COMPILER_GLOBAL_ACCENT_COLOR_NAME = AccentColor;
				CODE_SIGN_STYLE = Automatic;
				CURRENT_PROJECT_VERSION = 1;
				DEVELOPMENT_TEAM = P5N66NC5M2;
				GENERATE_INFOPLIST_FILE = YES;
				INFOPLIST_FILE = SmartFarming/Info.plist;
				INFOPLIST_KEY_UIApplicationSupportsIndirectInputEvents = YES;
				INFOPLIST_KEY_UILaunchStoryboardName = LaunchScreen;
				INFOPLIST_KEY_UIMainStoryboardFile = Main;
				INFOPLIST_KEY_UISupportedInterfaceOrientations_iPad = "UIInterfaceOrientationPortrait UIInterfaceOrientationPortraitUpsideDown UIInterfaceOrientationLandscapeLeft UIInterfaceOrientationLandscapeRight";
				INFOPLIST_KEY_UISupportedInterfaceOrientations_iPhone = "UIInterfaceOrientationPortrait UIInterfaceOrientationLandscapeLeft UIInterfaceOrientationLandscapeRight";
				IPHONEOS_DEPLOYMENT_TARGET = 15.0;
				LD_RUNPATH_SEARCH_PATHS = (
					"$(inherited)",
					"@executable_path/Frameworks",
				);
				MARKETING_VERSION = 1.0;
				PRODUCT_BUNDLE_IDENTIFIER = com.erenbagci.SmartFarming;
				PRODUCT_NAME = "$(TARGET_NAME)";
				SWIFT_EMIT_LOC_STRINGS = YES;
				SWIFT_VERSION = 5.0;
				TARGETED_DEVICE_FAMILY = "1,2";
			};
			name = Release;
		};
/* End XCBuildConfiguration section */

/* Begin XCConfigurationList section */
		B0A8BB3C28586FAC0066E4E3 /* Build configuration list for PBXProject "SmartFarming" */ = {
			isa = XCConfigurationList;
			buildConfigurations = (
				B0A8BB5328586FAD0066E4E3 /* Debug */,
				B0A8BB5428586FAD0066E4E3 /* Release */,
			);
			defaultConfigurationIsVisible = 0;
			defaultConfigurationName = Release;
		};
		B0A8BB5528586FAD0066E4E3 /* Build configuration list for PBXNativeTarget "SmartFarming" */ = {
			isa = XCConfigurationList;
			buildConfigurations = (
				B0A8BB5628586FAD0066E4E3 /* Debug */,
				B0A8BB5728586FAD0066E4E3 /* Release */,
			);
			defaultConfigurationIsVisible = 0;
			defaultConfigurationName = Release;
		};
/* End XCConfigurationList section */
	};
	rootObject = B0A8BB3928586FAC0066E4E3 /* Project object */;
}
